
Microsoft Visual Studio Solution File, Format Version 12.00
Project("{FAE04EC0-301F-11D3-BF4B-00C04F79EFBC}") = "SistemaAlunos", "SistemaAlunos\SistemaAlunos.csproj", "{D7D8D74C-50E8-436B-A8F1-F84D8F2C16AD}"
EndProject
Global
	GlobalSection(SolutionConfigurationPlatforms) = preSolution
		Debug|Any CPU = Debug|Any CPU
		Release|Any CPU = Release|Any CPU
	EndGlobalSection
	GlobalSection(ProjectConfigurationPlatforms) = postSolution
		{D7D8D74C-50E8-436B-A8F1-F84D8F2C16AD}.Debug|Any CPU.ActiveCfg = Debug|Any CPU
		{D7D8D74C-50E8-436B-A8F1-F84D8F2C16AD}.Debug|Any CPU.Build.0 = Debug|Any CPU
		{D7D8D74C-50E8-436B-A8F1-F84D8F2C16AD}.Release|Any CPU.ActiveCfg = Release|Any CPU
		{D7D8D74C-50E8-436B-A8F1-F84D8F2C16AD}.Release|Any CPU.Build.0 = Release|Any CPU
	EndGlobalSection
EndGlobal
